
Microsoft Visual Studio Solution File, Format Version 12.00
Project("{2150E333-8FDC-42A3-9474-1A3956D46DE8}") = "Core", "Core", "{7DA52071-F05C-40A3-9A08-5030A405B338}"
EndProject
Project("{2150E333-8FDC-42A3-9474-1A3956D46DE8}") = "Infrastructure", "Infrastructure", "{7B5D6327-1249-43B6-8A76-FE29D0C827EC}"
EndProject
Project("{2150E333-8FDC-42A3-9474-1A3956D46DE8}") = "Presentation", "Presentation", "{08195702-CA5F-40A0-93BC-69341C8B17D6}"
EndProject
Project("{2150E333-8FDC-42A3-9474-1A3956D46DE8}") = "Tests", "Tests", "{3448BD5C-AD07-48D6-A2F8-2101C19C4ED1}"
EndProject
Project("{FAE04EC0-301F-11D3-BF4B-00C04F79EFBC}") = "Domain", "Domain\Domain.csproj", "{BFD64A77-2E81-48BC-AFDD-2BB84D376FF2}"
EndProject
Project("{FAE04EC0-301F-11D3-BF4B-00C04F79EFBC}") = "Application", "Application\Application.csproj", "{298C65BE-78B4-41DC-BC01-8767473DB0C5}"
EndProject
Project("{FAE04EC0-301F-11D3-BF4B-00C04F79EFBC}") = "Persistence", "Persistence\Persistence.csproj", "{BB85839C-2C05-4D14-819D-ED894E63A435}"
EndProject
Project("{FAE04EC0-301F-11D3-BF4B-00C04F79EFBC}") = "WebMVC", "WebMVC\WebMVC.csproj", "{2E259CAE-C2B0-4BC5-A292-1396F2623740}"
EndProject
Project("{FAE04EC0-301F-11D3-BF4B-00C04F79EFBC}") = "TestsProject", "TestsProject\TestsProject.csproj", "{5E7AE8D2-193B-4CD4-968C-B3A20F9F3792}"
EndProject
Project("{2150E333-8FDC-42A3-9474-1A3956D46DE8}") = "Solution Items", "Solution Items", "{8DAF2EB5-0877-4CCA-9F94-C51345C42DC9}"
	ProjectSection(SolutionItems) = preProject
		docker-compose.yml = docker-compose.yml
	EndProjectSection
EndProject
Global
	GlobalSection(SolutionConfigurationPlatforms) = preSolution
		Debug|Any CPU = Debug|Any CPU
		Release|Any CPU = Release|Any CPU
	EndGlobalSection
	GlobalSection(NestedProjects) = preSolution
		{BFD64A77-2E81-48BC-AFDD-2BB84D376FF2} = {7DA52071-F05C-40A3-9A08-5030A405B338}
		{298C65BE-78B4-41DC-BC01-8767473DB0C5} = {7DA52071-F05C-40A3-9A08-5030A405B338}
		{BB85839C-2C05-4D14-819D-ED894E63A435} = {7B5D6327-1249-43B6-8A76-FE29D0C827EC}
		{2E259CAE-C2B0-4BC5-A292-1396F2623740} = {08195702-CA5F-40A0-93BC-69341C8B17D6}
		{5E7AE8D2-193B-4CD4-968C-B3A20F9F3792} = {3448BD5C-AD07-48D6-A2F8-2101C19C4ED1}
	EndGlobalSection
	GlobalSection(ProjectConfigurationPlatforms) = postSolution
		{BFD64A77-2E81-48BC-AFDD-2BB84D376FF2}.Debug|Any CPU.ActiveCfg = Debug|Any CPU
		{BFD64A77-2E81-48BC-AFDD-2BB84D376FF2}.Debug|Any CPU.Build.0 = Debug|Any CPU
		{BFD64A77-2E81-48BC-AFDD-2BB84D376FF2}.Release|Any CPU.ActiveCfg = Release|Any CPU
		{BFD64A77-2E81-48BC-AFDD-2BB84D376FF2}.Release|Any CPU.Build.0 = Release|Any CPU
		{298C65BE-78B4-41DC-BC01-8767473DB0C5}.Debug|Any CPU.ActiveCfg = Debug|Any CPU
		{298C65BE-78B4-41DC-BC01-8767473DB0C5}.Debug|Any CPU.Build.0 = Debug|Any CPU
		{298C65BE-78B4-41DC-BC01-8767473DB0C5}.Release|Any CPU.ActiveCfg = Release|Any CPU
		{298C65BE-78B4-41DC-BC01-8767473DB0C5}.Release|Any CPU.Build.0 = Release|Any CPU
		{BB85839C-2C05-4D14-819D-ED894E63A435}.Debug|Any CPU.ActiveCfg = Debug|Any CPU
		{BB85839C-2C05-4D14-819D-ED894E63A435}.Debug|Any CPU.Build.0 = Debug|Any CPU
		{BB85839C-2C05-4D14-819D-ED894E63A435}.Release|Any CPU.ActiveCfg = Release|Any CPU
		{BB85839C-2C05-4D14-819D-ED894E63A435}.Release|Any CPU.Build.0 = Release|Any CPU
		{2E259CAE-C2B0-4BC5-A292-1396F2623740}.Debug|Any CPU.ActiveCfg = Debug|Any CPU
		{2E259CAE-C2B0-4BC5-A292-1396F2623740}.Debug|Any CPU.Build.0 = Debug|Any CPU
		{2E259CAE-C2B0-4BC5-A292-1396F2623740}.Release|Any CPU.ActiveCfg = Release|Any CPU
		{2E259CAE-C2B0-4BC5-A292-1396F2623740}.Release|Any CPU.Build.0 = Release|Any CPU
		{5E7AE8D2-193B-4CD4-968C-B3A20F9F3792}.Debug|Any CPU.ActiveCfg = Debug|Any CPU
		{5E7AE8D2-193B-4CD4-968C-B3A20F9F3792}.Debug|Any CPU.Build.0 = Debug|Any CPU
		{5E7AE8D2-193B-4CD4-968C-B3A20F9F3792}.Release|Any CPU.ActiveCfg = Release|Any CPU
		{5E7AE8D2-193B-4CD4-968C-B3A20F9F3792}.Release|Any CPU.Build.0 = Release|Any CPU
	EndGlobalSection
EndGlobal
